{
  "name": "common",
  "version": "1.0.0",
  "lockfileVersion": 1,
  "requires": true,
  "dependencies": {
    "twitter-d": {
      "version": "0.4.0",
      "resolved": "https://registry.npmjs.org/twitter-d/-/twitter-d-0.4.0.tgz",
      "integrity": "sha512-t8z7qqq0yt1dD7BUISRvASw9mtYRMSTTVzmkvjz8oM9ZN++LEC6Ix8WEXZS0RtswnGgwdSPTxY9qyHcYgPexdA==",
      "dev": true
    }
  }
}
